// !$*UTF8*$!
{
	archiveVersion = 1;
	classes = {
	};
	objectVersion = 50;
	objects = {

/* Begin PBXBuildFile section */
		C118ADE826A569C400EBFBDA /* AppDelegate.swift in Sources */ = {isa = PBXBuildFile; fileRef = C118ADE726A569C400EBFBDA /* AppDelegate.swift */; };
		C118ADEA26A569C400EBFBDA /* SceneDelegate.swift in Sources */ = {isa = PBXBuildFile; fileRef = C118ADE926A569C400EBFBDA /* SceneDelegate.swift */; };
		C118ADEC26A569C400EBFBDA /* ViewController.swift in Sources */ = {isa = PBXBuildFile; fileRef = C118ADEB26A569C400EBFBDA /* ViewController.swift */; };
		C118ADEF26A569C400EBFBDA /* Main.storyboard in Resources */ = {isa = PBXBuildFile; fileRef = C118ADED26A569C400EBFBDA /* Main.storyboard */; };
		C118ADF126A569C600EBFBDA /* Assets.xcassets in Resources */ = {isa = PBXBuildFile; fileRef = C118ADF026A569C600EBFBDA /* Assets.xcassets */; };
		C118ADF426A569C600EBFBDA /* LaunchScreen.storyboard in Resources */ = {isa = PBXBuildFile; fileRef = C118ADF226A569C600EBFBDA /* LaunchScreen.storyboard */; };
		C118ADFF26A569C700EBFBDA /* Demo2Tests.swift in Sources */ = {isa = PBXBuildFile; fileRef = C118ADFE26A569C700EBFBDA /* Demo2Tests.swift */; };
		C118AE0A26A569C700EBFBDA /* Demo2UITests.swift in Sources */ = {isa = PBXBuildFile; fileRef = C118AE0926A569C700EBFBDA /* Demo2UITests.swift */; };
/* End PBXBuildFile section */

/* Begin PBXContainerItemProxy section */
		C118ADFB26A569C700EBFBDA /* PBXContainerItemProxy */ = {
			isa = PBXContainerItemProxy;
			containerPortal = C118ADDC26A569C400EBFBDA /* Project object */;
			proxyType = 1;
			remoteGlobalIDString = C118ADE326A569C400EBFBDA;
			remoteInfo = Demo2;
		};
		C118AE0626A569C700EBFBDA /* PBXContainerItemProxy */ = {
			isa = PBXContainerItemProxy;
			containerPortal = C118ADDC26A569C400EBFBDA /* Project object */;
			proxyType = 1;
			remoteGlobalIDString = C118ADE326A569C400EBFBDA;
			remoteInfo = Demo2;
		};
/* End PBXContainerItemProxy section */

/* Begin PBXFileReference section */
		C118ADE426A569C400EBFBDA /* Demo2.app */ = {isa = PBXFileReference; explicitFileType = wrapper.application; includeInIndex = 0; path = Demo2.app; sourceTree = BUILT_PRODUCTS_DIR; };
		C118ADE726A569C400EBFBDA /* AppDelegate.swift */ = {isa = PBXFileReference; lastKnownFileType = sourcecode.swift; path = AppDelegate.swift; sourceTree = "<group>"; };
		C118ADE926A569C400EBFBDA /* SceneDelegate.swift */ = {isa = PBXFileReference; lastKnownFileType = sourcecode.swift; path = SceneDelegate.swift; sourceTree = "<group>"; };
		C118ADEB26A569C400EBFBDA /* ViewController.swift */ = {isa = PBXFileReference; lastKnownFileType = sourcecode.swift; path = ViewController.swift; sourceTree = "<group>"; };
		C118ADEE26A569C400EBFBDA /* Base */ = {isa = PBXFileReference; lastKnownFileType = file.storyboard; name = Base; path = Base.lproj/Main.storyboard; sourceTree = "<group>"; };
		C118ADF026A569C600EBFBDA /* Assets.xcassets */ = {isa = PBXFileReference; lastKnownFileType = folder.assetcatalog; path = Assets.xcassets; sourceTree = "<group>"; };
		C118ADF326A569C600EBFBDA /* Base */ = {isa = PBXFileReference; lastKnownFileType = file.storyboard; name = Base; path = Base.lproj/LaunchScreen.storyboard; sourceTree = "<group>"; };
		C118ADF526A569C600EBFBDA /* Info.plist */ = {isa = PBXFileReference; lastKnownFileType = text.plist.xml; path = Info.plist; sourceTree = "<group>"; };
		C118ADFA26A569C700EBFBDA /* Demo2Tests.xctest */ = {isa = PBXFileReference; explicitFileType = wrapper.cfbundle; includeInIndex = 0; path = Demo2Tests.xctest; sourceTree = BUILT_PRODUCTS_DIR; };
		C118ADFE26A569C700EBFBDA /* Demo2Tests.swift */ = {isa = PBXFileReference; lastKnownFileType = sourcecode.swift; path = Demo2Tests.swift; sourceTree = "<group>"; };
		C118AE0026A569C700EBFBDA /* Info.plist */ = {isa = PBXFileReference; lastKnownFileType = text.plist.xml; path = Info.plist; sourceTree = "<group>"; };
		C118AE0526A569C700EBFBDA /* Demo2UITests.xctest */ = {isa = PBXFileReference; explicitFileType = wrapper.cfbundle; includeInIndex = 0; path = Demo2UITests.xctest; sourceTree = BUILT_PRODUCTS_DIR; };
		C118AE0926A569C700EBFBDA /* Demo2UITests.swift */ = {isa = PBXFileReference; lastKnownFileType = sourcecode.swift; path = Demo2UITests.swift; sourceTree = "<group>"; };
		C118AE0B26A569C700EBFBDA /* Info.plist */ = {isa = PBXFileReference; lastKnownFileType = text.plist.xml; path = Info.plist; sourceTree = "<group>"; };
/* End PBXFileReference section */

/* Begin PBXFrameworksBuildPhase section */
		C118ADE126A569C400EBFBDA /* Frameworks */ = {
			isa = PBXFrameworksBuildPhase;
			buildActionMask = 2147483647;
			files = (
			);
			runOnlyForDeploymentPostprocessing = 0;
		};
		C118ADF726A569C700EBFBDA /* Frameworks */ = {
			isa = PBXFrameworksBuildPhase;
			buildActionMask = 2147483647;
			files = (
			);
			runOnlyForDeploymentPostprocessing = 0;
		};
		C118AE0226A569C700EBFBDA /* Frameworks */ = {
			isa = PBXFrameworksBuildPhase;
			buildActionMask = 2147483647;
			files = (
			);
			runOnlyForDeploymentPostprocessing = 0;
		};
/* End PBXFrameworksBuildPhase section */

/* Begin PBXGroup section */
		C118ADDB26A569C400EBFBDA = {
			isa = PBXGroup;
			children = (
				C118ADE626A569C400EBFBDA /* Demo2 */,
				C118ADFD26A569C700EBFBDA /* Demo2Tests */,
				C118AE0826A569C700EBFBDA /* Demo2UITests */,
				C118ADE526A569C400EBFBDA /* Products */,
			);
			sourceTree = "<group>";
		};
		C118ADE526A569C400EBFBDA /* Products */ = {
			isa = PBXGroup;
			children = (
				C118ADE426A569C400EBFBDA /* Demo2.app */,
				C118ADFA26A569C700EBFBDA /* Demo2Tests.xctest */,
				C118AE0526A569C700EBFBDA /* Demo2UITests.xctest */,
			);
			name = Products;
			sourceTree = "<group>";
		};
		C118ADE626A569C400EBFBDA /* Demo2 */ = {
			isa = PBXGroup;
			children = (
				C118ADE726A569C400EBFBDA /* AppDelegate.swift */,
				C118ADE926A569C400EBFBDA /* SceneDelegate.swift */,
				C118ADEB26A569C400EBFBDA /* ViewController.swift */,
				C118ADED26A569C400EBFBDA /* Main.storyboard */,
				C118ADF026A569C600EBFBDA /* Assets.xcassets */,
				C118ADF226A569C600EBFBDA /* LaunchScreen.storyboard */,
				C118ADF526A569C600EBFBDA /* Info.plist */,
			);
			path = Demo2;
			sourceTree = "<group>";
		};
		C118ADFD26A569C700EBFBDA /* Demo2Tests */ = {
			isa = PBXGroup;
			children = (
				C118ADFE26A569C700EBFBDA /* Demo2Tests.swift */,
				C118AE0026A569C700EBFBDA /* Info.plist */,
			);
			path = Demo2Tests;
			sourceTree = "<group>";
		};
		C118AE0826A569C700EBFBDA /* Demo2UITests */ = {
			isa = PBXGroup;
			children = (
				C118AE0926A569C700EBFBDA /* Demo2UITests.swift */,
				C118AE0B26A569C700EBFBDA /* Info.plist */,
			);
			path = Demo2UITests;
			sourceTree = "<group>";
		};
/* End PBXGroup section */

/* Begin PBXNativeTarget section */
		C118ADE326A569C400EBFBDA /* Demo2 */ = {
			isa = PBXNativeTarget;
			buildConfigurationList = C118AE0E26A569C700EBFBDA /* Build configuration list for PBXNativeTarget "Demo2" */;
			buildPhases = (
				C118ADE026A569C400EBFBDA /* Sources */,
				C118ADE126A569C400EBFBDA /* Frameworks */,
				C118ADE226A569C400EBFBDA /* Resources */,
			);
			buildRules = (
			);
			dependencies = (
			);
			name = Demo2;
			productName = Demo2;
			productReference = C118ADE426A569C400EBFBDA /* Demo2.app */;
			productType = "com.apple.product-type.application";
		};
		C118ADF926A569C700EBFBDA /* Demo2Tests */ = {
			isa = PBXNativeTarget;
			buildConfigurationList = C118AE1126A569C700EBFBDA /* Build configuration list for PBXNativeTarget "Demo2Tests" */;
			buildPhases = (
				C118ADF626A569C700EBFBDA /* Sources */,
				C118ADF726A569C700EBFBDA /* Frameworks */,
				C118ADF826A569C700EBFBDA /* Resources */,
			);
			buildRules = (
			);
			dependencies = (
				C118ADFC26A569C700EBFBDA /* PBXTargetDependency */,
			);
			name = Demo2Tests;
			productName = Demo2Tests;
			productReference = C118ADFA26A569C700EBFBDA /* Demo2Tests.xctest */;
			productType = "com.apple.product-type.bundle.unit-test";
		};
		C118AE0426A569C700EBFBDA /* Demo2UITests */ = {
			isa = PBXNativeTarget;
			buildConfigurationList = C118AE1426A569C700EBFBDA /* Build configuration list for PBXNativeTarget "Demo2UITests" */;
			buildPhases = (
				C118AE0126A569C700EBFBDA /* Sources */,
				C118AE0226A569C700EBFBDA /* Frameworks */,
				C118AE0326A569C700EBFBDA /* Resources */,
			);
			buildRules = (
			);
			dependencies = (
				C118AE0726A569C700EBFBDA /* PBXTargetDependency */,
			);
			name = Demo2UITests;
			productName = Demo2UITests;
			productReference = C118AE0526A569C700EBFBDA /* Demo2UITests.xctest */;
			productType = "com.apple.product-type.bundle.ui-testing";
		};
/* End PBXNativeTarget section */

/* Begin PBXProject section */
		C118ADDC26A569C400EBFBDA /* Project object */ = {
			isa = PBXProject;
			attributes = {
				LastSwiftUpdateCheck = 1250;
				LastUpgradeCheck = 1250;
				TargetAttributes = {
					C118ADE326A569C400EBFBDA = {
						CreatedOnToolsVersion = 12.5;
					};
					C118ADF926A569C700EBFBDA = {
						CreatedOnToolsVersion = 12.5;
						TestTargetID = C118ADE326A569C400EBFBDA;
					};
					C118AE0426A569C700EBFBDA = {
						CreatedOnToolsVersion = 12.5;
						TestTargetID = C118ADE326A569C400EBFBDA;
					};
				};
			};
			buildConfigurationList = C118ADDF26A569C400EBFBDA /* Build configuration list for PBXProject "Demo2" */;
			compatibilityVersion = "Xcode 9.3";
			developmentRegion = en;
			hasScannedForEncodings = 0;
			knownRegions = (
				en,
				Base,
			);
			mainGroup = C118ADDB26A569C400EBFBDA;
			productRefGroup = C118ADE526A569C400EBFBDA /* Products */;
			projectDirPath = "";
			projectRoot = "";
			targets = (
				C118ADE326A569C400EBFBDA /* Demo2 */,
				C118ADF926A569C700EBFBDA /* Demo2Tests */,
				C118AE0426A569C700EBFBDA /* Demo2UITests */,
			);
		};
/* End PBXProject section */

/* Begin PBXResourcesBuildPhase section */
		C118ADE226A569C400EBFBDA /* Resources */ = {
			isa = PBXResourcesBuildPhase;
			buildActionMask = 2147483647;
			files = (
				C118ADF426A569C600EBFBDA /* LaunchScreen.storyboard in Resources */,
				C118ADF126A569C600EBFBDA /* Assets.xcassets in Resources */,
				C118ADEF26A569C400EBFBDA /* Main.storyboard in Resources */,
			);
			runOnlyForDeploymentPostprocessing = 0;
		};
		C118ADF826A569C700EBFBDA /* Resources */ = {
			isa = PBXResourcesBuildPhase;
			buildActionMask = 2147483647;
			files = (
			);
			runOnlyForDeploymentPostprocessing = 0;
		};
		C118AE0326A569C700EBFBDA /* Resources */ = {
			isa = PBXResourcesBuildPhase;
			buildActionMask = 2147483647;
			files = (
			);
			runOnlyForDeploymentPostprocessing = 0;
		};
/* End PBXResourcesBuildPhase section */

/* Begin PBXSourcesBuildPhase section */
		C118ADE026A569C400EBFBDA /* Sources */ = {
			isa = PBXSourcesBuildPhase;
			buildActionMask = 2147483647;
			files = (
				C118ADEC26A569C400EBFBDA /* ViewController.swift in Sources */,
				C118ADE826A569C400EBFBDA /* AppDelegate.swift in Sources */,
				C118ADEA26A569C400EBFBDA /* SceneDelegate.swift in Sources */,
			);
			runOnlyForDeploymentPostprocessing = 0;
		};
		C118ADF626A569C700EBFBDA /* Sources */ = {
			isa = PBXSourcesBuildPhase;
			buildActionMask = 2147483647;
			files = (
				C118ADFF26A569C700EBFBDA /* Demo2Tests.swift in Sources */,
			);
			runOnlyForDeploymentPostprocessing = 0;
		};
		C118AE0126A569C700EBFBDA /* Sources */ = {
			isa = PBXSourcesBuildPhase;
			buildActionMask = 2147483647;
			files = (
				C118AE0A26A569C700EBFBDA /* Demo2UITests.swift in Sources */,
			);
			runOnlyForDeploymentPostprocessing = 0;
		};
/* End PBXSourcesBuildPhase section */

/* Begin PBXTargetDependency section */
		C118ADFC26A569C700EBFBDA /* PBXTargetDependency */ = {
			isa = PBXTargetDependency;
			target = C118ADE326A569C400EBFBDA /* Demo2 */;
			targetProxy = C118ADFB26A569C700EBFBDA /* PBXContainerItemProxy */;
		};
		C118AE0726A569C700EBFBDA /* PBXTargetDependency */ = {
			isa = PBXTargetDependency;
			target = C118ADE326A569C400EBFBDA /* Demo2 */;
			targetProxy = C118AE0626A569C700EBFBDA /* PBXContainerItemProxy */;
		};
/* End PBXTargetDependency section */

/* Begin PBXVariantGroup section */
		C118ADED26A569C400EBFBDA /* Main.storyboard */ = {
			isa = PBXVariantGroup;
			children = (
				C118ADEE26A569C400EBFBDA /* Base */,
			);
			name = Main.storyboard;
			sourceTree = "<group>";
		};
		C118ADF226A569C600EBFBDA /* LaunchScreen.storyboard */ = {
			isa = PBXVariantGroup;
			children = (
				C118ADF326A569C600EBFBDA /* Base */,
			);
			name = LaunchScreen.storyboard;
			sourceTree = "<group>";
		};
/* End PBXVariantGroup section */

/* Begin XCBuildConfiguration section */
		C118AE0C26A569C700EBFBDA /* Debug */ = {
			isa = XCBuildConfiguration;
			buildSettings = {
				ALWAYS_SEARCH_USER_PATHS = NO;
				CLANG_ANALYZER_NONNULL = YES;
				CLANG_ANALYZER_NUMBER_OBJECT_CONVERSION = YES_AGGRESSIVE;
				CLANG_CXX_LANGUAGE_STANDARD = "gnu++14";
				CLANG_CXX_LIBRARY = "libc++";
				CLANG_ENABLE_MODULES = YES;
				CLANG_ENABLE_OBJC_ARC = YES;
				CLANG_ENABLE_OBJC_WEAK = YES;
				CLANG_WARN_BLOCK_CAPTURE_AUTORELEASING = YES;
				CLANG_WARN_BOOL_CONVERSION = YES;
				CLANG_WARN_COMMA = YES;
				CLANG_WARN_CONSTANT_CONVERSION = YES;
				CLANG_WARN_DEPRECATED_OBJC_IMPLEMENTATIONS = YES;
				CLANG_WARN_DIRECT_OBJC_ISA_USAGE = YES_ERROR;
				CLANG_WARN_DOCUMENTATION_COMMENTS = YES;
				CLANG_WARN_EMPTY_BODY = YES;
				CLANG_WARN_ENUM_CONVERSION = YES;
				CLANG_WARN_INFINITE_RECURSION = YES;
				CLANG_WARN_INT_CONVERSION = YES;
				CLANG_WARN_NON_LITERAL_NULL_CONVERSION = YES;
				CLANG_WARN_OBJC_IMPLICIT_RETAIN_SELF = YES;
				CLANG_WARN_OBJC_LITERAL_CONVERSION = YES;
				CLANG_WARN_OBJC_ROOT_CLASS = YES_ERROR;
				CLANG_WARN_QUOTED_INCLUDE_IN_FRAMEWORK_HEADER = YES;
				CLANG_WARN_RANGE_LOOP_ANALYSIS = YES;
				CLANG_WARN_STRICT_PROTOTYPES = YES;
				CLANG_WARN_SUSPICIOUS_MOVE = YES;
				CLANG_WARN_UNGUARDED_AVAILABILITY = YES_AGGRESSIVE;
				CLANG_WARN_UNREACHABLE_CODE = YES;
				CLANG_WARN__DUPLICATE_METHOD_MATCH = YES;
				COPY_PHASE_STRIP = NO;
				DEBUG_INFORMATION_FORMAT = dwarf;
				ENABLE_STRICT_OBJC_MSGSEND = YES;
				ENABLE_TESTABILITY = YES;
				GCC_C_LANGUAGE_STANDARD = gnu11;
				GCC_DYNAMIC_NO_PIC = NO;
				GCC_NO_COMMON_BLOCKS = YES;
				GCC_OPTIMIZATION_LEVEL = 0;
				GCC_PREPROCESSOR_DEFINITIONS = (
					"DEBUG=1",
					"$(inherited)",
				);
				GCC_WARN_64_TO_32_BIT_CONVERSION = YES;
				GCC_WARN_ABOUT_RETURN_TYPE = YES_ERROR;
				GCC_WARN_UNDECLARED_SELECTOR = YES;
				GCC_WARN_UNINITIALIZED_AUTOS = YES_AGGRESSIVE;
				GCC_WARN_UNUSED_FUNCTION = YES;
				GCC_WARN_UNUSED_VARIABLE = YES;
				IPHONEOS_DEPLOYMENT_TARGET = 14.5;
				MTL_ENABLE_DEBUG_INFO = INCLUDE_SOURCE;
				MTL_FAST_MATH = YES;
				ONLY_ACTIVE_ARCH = YES;
				SDKROOT = iphoneos;
				SWIFT_ACTIVE_COMPILATION_CONDITIONS = DEBUG;
				SWIFT_OPTIMIZATION_LEVEL = "-Onone";
			};
			name = Debug;
		};
		C118AE0D26A569C700EBFBDA /* Release */ = {
			isa = XCBuildConfiguration;
			buildSettings = {
				ALWAYS_SEARCH_USER_PATHS = NO;
				CLANG_ANALYZER_NONNULL = YES;
				CLANG_ANALYZER_NUMBER_OBJECT_CONVERSION = YES_AGGRESSIVE;
				CLANG_CXX_LANGUAGE_STANDARD = "gnu++14";
				CLANG_CXX_LIBRARY = "libc++";
				CLANG_ENABLE_MODULES = YES;
				CLANG_ENABLE_OBJC_ARC = YES;
				CLANG_ENABLE_OBJC_WEAK = YES;
				CLANG_WARN_BLOCK_CAPTURE_AUTORELEASING = YES;
				CLANG_WARN_BOOL_CONVERSION = YES;
				CLANG_WARN_COMMA = YES;
				CLANG_WARN_CONSTANT_CONVERSION = YES;
				CLANG_WARN_DEPRECATED_OBJC_IMPLEMENTATIONS = YES;
				CLANG_WARN_DIRECT_OBJC_ISA_USAGE = YES_ERROR;
				CLANG_WARN_DOCUMENTATION_COMMENTS = YES;
				CLANG_WARN_EMPTY_BODY = YES;
				CLANG_WARN_ENUM_CONVERSION = YES;
				CLANG_WARN_INFINITE_RECURSION = YES;
				CLANG_WARN_INT_CONVERSION = YES;
				CLANG_WARN_NON_LITERAL_NULL_CONVERSION = YES;
				CLANG_WARN_OBJC_IMPLICIT_RETAIN_SELF = YES;
				CLANG_WARN_OBJC_LITERAL_CONVERSION = YES;
				CLANG_WARN_OBJC_ROOT_CLASS = YES_ERROR;
				CLANG_WARN_QUOTED_INCLUDE_IN_FRAMEWORK_HEADER = YES;
				CLANG_WARN_RANGE_LOOP_ANALYSIS = YES;
				CLANG_WARN_STRICT_PROTOTYPES = YES;
				CLANG_WARN_SUSPICIOUS_MOVE = YES;
				CLANG_WARN_UNGUARDED_AVAILABILITY = YES_AGGRESSIVE;
				CLANG_WARN_UNREACHABLE_CODE = YES;
				CLANG_WARN__DUPLICATE_METHOD_MATCH = YES;
				COPY_PHASE_STRIP = NO;
				DEBUG_INFORMATION_FORMAT = "dwarf-with-dsym";
				ENABLE_NS_ASSERTIONS = NO;
				ENABLE_STRICT_OBJC_MSGSEND = YES;
				GCC_C_LANGUAGE_STANDARD = gnu11;
				GCC_NO_COMMON_BLOCKS = YES;
				GCC_WARN_64_TO_32_BIT_CONVERSION = YES;
				GCC_WARN_ABOUT_RETURN_TYPE = YES_ERROR;
				GCC_WARN_UNDECLARED_SELECTOR = YES;
				GCC_WARN_UNINITIALIZED_AUTOS = YES_AGGRESSIVE;
				GCC_WARN_UNUSED_FUNCTION = YES;
				GCC_WARN_UNUSED_VARIABLE = YES;
				IPHONEOS_DEPLOYMENT_TARGET = 14.5;
				MTL_ENABLE_DEBUG_INFO = NO;
				MTL_FAST_MATH = YES;
				SDKROOT = iphoneos;
				SWIFT_COMPILATION_MODE = wholemodule;
				SWIFT_OPTIMIZATION_LEVEL = "-O";
				VALIDATE_PRODUCT = YES;
			};
			name = Release;
		};
		C118AE0F26A569C700EBFBDA /* Debug */ = {
			isa = XCBuildConfiguration;
			buildSettings = {
				ASSETCATALOG_COMPILER_APPICON_NAME = AppIcon;
				ASSETCATALOG_COMPILER_GLOBAL_ACCENT_COLOR_NAME = AccentColor;
				CODE_SIGN_STYLE = Automatic;
				INFOPLIST_FILE = Demo2/Info.plist;
				LD_RUNPATH_SEARCH_PATHS = (
					"$(inherited)",
					"@executable_path/Frameworks",
				);
				PRODUCT_BUNDLE_IDENTIFIER = io.lulu.Demo2;
				PRODUCT_NAME = "$(TARGET_NAME)";
				SWIFT_VERSION = 5.0;
				TARGETED_DEVICE_FAMILY = "1,2";
			};
			name = Debug;
		};
		C118AE1026A569C700EBFBDA /* Release */ = {
			isa = XCBuildConfiguration;
			buildSettings = {
				ASSETCATALOG_COMPILER_APPICON_NAME = AppIcon;
				ASSETCATALOG_COMPILER_GLOBAL_ACCENT_COLOR_NAME = AccentColor;
				CODE_SIGN_STYLE = Automatic;
				INFOPLIST_FILE = Demo2/Info.plist;
				LD_RUNPATH_SEARCH_PATHS = (
					"$(inherited)",
					"@executable_path/Frameworks",
				);
				PRODUCT_BUNDLE_IDENTIFIER = io.lulu.Demo2;
				PRODUCT_NAME = "$(TARGET_NAME)";
				SWIFT_VERSION = 5.0;
				TARGETED_DEVICE_FAMILY = "1,2";
			};
			name = Release;
		};
		C118AE1226A569C700EBFBDA /* Debug */ = {
			isa = XCBuildConfiguration;
			buildSettings = {
				ALWAYS_EMBED_SWIFT_STANDARD_LIBRARIES = YES;
				BUNDLE_LOADER = "$(TEST_HOST)";
				CODE_SIGN_STYLE = Automatic;
				INFOPLIST_FILE = Demo2Tests/Info.plist;
				IPHONEOS_DEPLOYMENT_TARGET = 14.5;
				LD_RUNPATH_SEARCH_PATHS = (
					"$(inherited)",
					"@executable_path/Frameworks",
					"@loader_path/Frameworks",
				);
				PRODUCT_BUNDLE_IDENTIFIER = io.lulu.Demo2Tests;
				PRODUCT_NAME = "$(TARGET_NAME)";
				SWIFT_VERSION = 5.0;
				TARGETED_DEVICE_FAMILY = "1,2";
				TEST_HOST = "$(BUILT_PRODUCTS_DIR)/Demo2.app/Demo2";
			};
			name = Debug;
		};
		C118AE1326A569C700EBFBDA /* Release */ = {
			isa = XCBuildConfiguration;
			buildSettings = {
				ALWAYS_EMBED_SWIFT_STANDARD_LIBRARIES = YES;
				BUNDLE_LOADER = "$(TEST_HOST)";
				CODE_SIGN_STYLE = Automatic;
				INFOPLIST_FILE = Demo2Tests/Info.plist;
				IPHONEOS_DEPLOYMENT_TARGET = 14.5;
				LD_RUNPATH_SEARCH_PATHS = (
					"$(inherited)",
					"@executable_path/Frameworks",
					"@loader_path/Frameworks",
				);
				PRODUCT_BUNDLE_IDENTIFIER = io.lulu.Demo2Tests;
				PRODUCT_NAME = "$(TARGET_NAME)";
				SWIFT_VERSION = 5.0;
				TARGETED_DEVICE_FAMILY = "1,2";
				TEST_HOST = "$(BUILT_PRODUCTS_DIR)/Demo2.app/Demo2";
			};
			name = Release;
		};
		C118AE1526A569C700EBFBDA /* Debug */ = {
			isa = XCBuildConfiguration;
			buildSettings = {
				ALWAYS_EMBED_SWIFT_STANDARD_LIBRARIES = YES;
				CODE_SIGN_STYLE = Automatic;
				INFOPLIST_FILE = Demo2UITests/Info.plist;
				LD_RUNPATH_SEARCH_PATHS = (
					"$(inherited)",
					"@executable_path/Frameworks",
					"@loader_path/Frameworks",
				);
				PRODUCT_BUNDLE_IDENTIFIER = io.lulu.Demo2UITests;
				PRODUCT_NAME = "$(TARGET_NAME)";
				SWIFT_VERSION = 5.0;
				TARGETED_DEVICE_FAMILY = "1,2";
				TEST_TARGET_NAME = Demo2;
			};
			name = Debug;
		};
		C118AE1626A569C700EBFBDA /* Release */ = {
			isa = XCBuildConfiguration;
			buildSettings = {
				ALWAYS_EMBED_SWIFT_STANDARD_LIBRARIES = YES;
				CODE_SIGN_STYLE = Automatic;
				INFOPLIST_FILE = Demo2UITests/Info.plist;
				LD_RUNPATH_SEARCH_PATHS = (
					"$(inherited)",
					"@executable_path/Frameworks",
					"@loader_path/Frameworks",
				);
				PRODUCT_BUNDLE_IDENTIFIER = io.lulu.Demo2UITests;
				PRODUCT_NAME = "$(TARGET_NAME)";
				SWIFT_VERSION = 5.0;
				TARGETED_DEVICE_FAMILY = "1,2";
				TEST_TARGET_NAME = Demo2;
			};
			name = Release;
		};
/* End XCBuildConfiguration section */

/* Begin XCConfigurationList section */
		C118ADDF26A569C400EBFBDA /* Build configuration list for PBXProject "Demo2" */ = {
			isa = XCConfigurationList;
			buildConfigurations = (
				C118AE0C26A569C700EBFBDA /* Debug */,
				C118AE0D26A569C700EBFBDA /* Release */,
			);
			defaultConfigurationIsVisible = 0;
			defaultConfigurationName = Release;
		};
		C118AE0E26A569C700EBFBDA /* Build configuration list for PBXNativeTarget "Demo2" */ = {
			isa = XCConfigurationList;
			buildConfigurations = (
				C118AE0F26A569C700EBFBDA /* Debug */,
				C118AE1026A569C700EBFBDA /* Release */,
			);
			defaultConfigurationIsVisible = 0;
			defaultConfigurationName = Release;
		};
		C118AE1126A569C700EBFBDA /* Build configuration list for PBXNativeTarget "Demo2Tests" */ = {
			isa = XCConfigurationList;
			buildConfigurations = (
				C118AE1226A569C700EBFBDA /* Debug */,
				C118AE1326A569C700EBFBDA /* Release */,
			);
			defaultConfigurationIsVisible = 0;
			defaultConfigurationName = Release;
		};
		C118AE1426A569C700EBFBDA /* Build configuration list for PBXNativeTarget "Demo2UITests" */ = {
			isa = XCConfigurationList;
			buildConfigurations = (
				C118AE1526A569C700EBFBDA /* Debug */,
				C118AE1626A569C700EBFBDA /* Release */,
			);
			defaultConfigurationIsVisible = 0;
			defaultConfigurationName = Release;
		};
/* End XCConfigurationList section */
	};
	rootObject = C118ADDC26A569C400EBFBDA /* Project object */;
}
